
Microsoft Visual Studio Solution File, Format Version 12.00
# Visual Studio 15
VisualStudioVersion = 15.0.26730.12
MinimumVisualStudioVersion = 10.0.40219.1
Project("{8BC9CEB8-8B4A-11D0-8D11-00A0C91BC942}") = "Shared.Library", "source\lib\uwp.lib.vcxproj", "{EACDC44D-D859-46ED-934F-932CD50E507A}"
EndProject
Project("{2150E333-8FDC-42A3-9474-1A3956D46DE8}") = "source", "source", "{B5663715-9AAB-4DD6-BEED-0E51B2029AEC}"
EndProject
Project("{8BC9CEB8-8B4A-11D0-8D11-00A0C91BC942}") = "uwp.dll", "source\dll\uwp.dll.vcxproj", "{C33B9EBA-20BA-4A00-A88D-94B5287B4600}"
	ProjectSection(ProjectDependencies) = postProject
		{EACDC44D-D859-46ED-934F-932CD50E507A} = {EACDC44D-D859-46ED-934F-932CD50E507A}
	EndProjectSection
EndProject
Project("{2150E333-8FDC-42A3-9474-1A3956D46DE8}") = "samples", "samples", "{111A7E4A-BDB2-46CF-9D56-D93D2242FCB6}"
EndProject
Global
	GlobalSection(SolutionConfigurationPlatforms) = preSolution
		Debug|ARM = Debug|ARM
		Debug|x64 = Debug|x64
		Debug|x86 = Debug|x86
		Release|ARM = Release|ARM
		Release|x64 = Release|x64
		Release|x86 = Release|x86
	EndGlobalSection
	GlobalSection(ProjectConfigurationPlatforms) = postSolution
		{EACDC44D-D859-46ED-934F-932CD50E507A}.Debug|ARM.ActiveCfg = Debug|ARM
		{EACDC44D-D859-46ED-934F-932CD50E507A}.Debug|ARM.Build.0 = Debug|ARM
		{EACDC44D-D859-46ED-934F-932CD50E507A}.Debug|x64.ActiveCfg = Debug|x64
		{EACDC44D-D859-46ED-934F-932CD50E507A}.Debug|x64.Build.0 = Debug|x64
		{EACDC44D-D859-46ED-934F-932CD50E507A}.Debug|x86.ActiveCfg = Debug|Win32
		{EACDC44D-D859-46ED-934F-932CD50E507A}.Debug|x86.Build.0 = Debug|Win32
		{EACDC44D-D859-46ED-934F-932CD50E507A}.Release|ARM.ActiveCfg = Release|ARM
		{EACDC44D-D859-46ED-934F-932CD50E507A}.Release|ARM.Build.0 = Release|ARM
		{EACDC44D-D859-46ED-934F-932CD50E507A}.Release|x64.ActiveCfg = Release|x64
		{EACDC44D-D859-46ED-934F-932CD50E507A}.Release|x64.Build.0 = Release|x64
		{EACDC44D-D859-46ED-934F-932CD50E507A}.Release|x86.ActiveCfg = Release|Win32
		{EACDC44D-D859-46ED-934F-932CD50E507A}.Release|x86.Build.0 = Release|Win32
		{C33B9EBA-20BA-4A00-A88D-94B5287B4600}.Debug|ARM.ActiveCfg = Debug|ARM
		{C33B9EBA-20BA-4A00-A88D-94B5287B4600}.Debug|ARM.Build.0 = Debug|ARM
		{C33B9EBA-20BA-4A00-A88D-94B5287B4600}.Debug|x64.ActiveCfg = Debug|x64
		{C33B9EBA-20BA-4A00-A88D-94B5287B4600}.Debug|x64.Build.0 = Debug|x64
		{C33B9EBA-20BA-4A00-A88D-94B5287B4600}.Debug|x86.ActiveCfg = Debug|Win32
		{C33B9EBA-20BA-4A00-A88D-94B5287B4600}.Debug|x86.Build.0 = Debug|Win32
		{C33B9EBA-20BA-4A00-A88D-94B5287B4600}.Release|ARM.ActiveCfg = Release|ARM
		{C33B9EBA-20BA-4A00-A88D-94B5287B4600}.Release|ARM.Build.0 = Release|ARM
		{C33B9EBA-20BA-4A00-A88D-94B5287B4600}.Release|x64.ActiveCfg = Release|x64
		{C33B9EBA-20BA-4A00-A88D-94B5287B4600}.Release|x64.Build.0 = Release|x64
		{C33B9EBA-20BA-4A00-A88D-94B5287B4600}.Release|x86.ActiveCfg = Release|Win32
		{C33B9EBA-20BA-4A00-A88D-94B5287B4600}.Release|x86.Build.0 = Release|Win32
	EndGlobalSection
	GlobalSection(SolutionProperties) = preSolution
		HideSolutionNode = FALSE
	EndGlobalSection
	GlobalSection(NestedProjects) = preSolution
		{EACDC44D-D859-46ED-934F-932CD50E507A} = {B5663715-9AAB-4DD6-BEED-0E51B2029AEC}
		{C33B9EBA-20BA-4A00-A88D-94B5287B4600} = {B5663715-9AAB-4DD6-BEED-0E51B2029AEC}
	EndGlobalSection
	GlobalSection(ExtensibilityGlobals) = postSolution
		SolutionGuid = {C7D17DD9-F280-460A-A58C-0942FA50A118}
	EndGlobalSection
EndGlobal
